
Microsoft Visual Studio Solution File, Format Version 12.00
# Visual Studio 15
VisualStudioVersion = 15.0.28307.168
MinimumVisualStudioVersion = 10.0.40219.1
Project("{2150E333-8FDC-42A3-9474-1A3956D46DE8}") = "CustomerServiceApp", "CustomerServiceApp", "{E51AA3F2-1744-4DCE-B07F-8BB00F28AD27}"
EndProject
Project("{2150E333-8FDC-42A3-9474-1A3956D46DE8}") = "BrandServiceApp", "BrandServiceApp", "{13880BB7-CE3E-45D6-935A-4DC5E8B534D6}"
EndProject
Project("{2150E333-8FDC-42A3-9474-1A3956D46DE8}") = "Framework", "Framework", "{D1B49B16-E33A-4462-BFB0-00E574ECC280}"
EndProject
Project("{FAE04EC0-301F-11D3-BF4B-00C04F79EFBC}") = "CustomerServiceApp.Shared", "CustomerServiceApp.Shared\CustomerServiceApp.Shared.csproj", "{AE3112B6-2BCB-4A5C-81F7-8B9A0E460ABB}"
EndProject
Project("{9A19103F-16F7-4668-BE54-9A1E7A4F7556}") = "BrandServiceApp.Host.Api", "BrandServiceApp.Host.Api\BrandServiceApp.Host.Api.csproj", "{B4220DA3-3B45-4072-BE63-A0600C77F603}"
EndProject
Project("{9A19103F-16F7-4668-BE54-9A1E7A4F7556}") = "CustomerServiceApp.Host.Api", "CustomerServiceApp.Host.Api\CustomerServiceApp.Host.Api.csproj", "{4FD75DA1-D9B9-41AC-B764-F64F849EC7A6}"
EndProject
Project("{9A19103F-16F7-4668-BE54-9A1E7A4F7556}") = "CustomerServiceApp.Host.CommandsWorker", "CustomerServiceApp.Host.Worker\CustomerServiceApp.Host.CommandsWorker.csproj", "{68FC77CC-FE76-4660-BBAE-453E5F9F835F}"
EndProject
Project("{9A19103F-16F7-4668-BE54-9A1E7A4F7556}") = "CustomerServiceApp.Domain", "CustomerServiceApp.Domain\CustomerServiceApp.Domain.csproj", "{68870A75-B423-4214-87FC-56B944B7DB7E}"
EndProject
Project("{9A19103F-16F7-4668-BE54-9A1E7A4F7556}") = "BrandServiceApp.Infrastructure", "BrandServiceApp.Infrastructure\BrandServiceApp.Infrastructure.csproj", "{DAABEABD-1E4B-4005-BF39-401928CCC144}"
EndProject
Project("{9A19103F-16F7-4668-BE54-9A1E7A4F7556}") = "CustomerServiceApp.Infrastructure", "CustomerServiceApp.Infrastructure\CustomerServiceApp.Infrastructure.csproj", "{8C23C3A8-4FFD-4E90-855B-6AE2AE8E8EF5}"
EndProject
Project("{9A19103F-16F7-4668-BE54-9A1E7A4F7556}") = "Framework.Shared", "Framework.Shared\Framework.Shared.csproj", "{54ABE6CB-CFCD-4E6F-A629-64AFF8591107}"
EndProject
Project("{9A19103F-16F7-4668-BE54-9A1E7A4F7556}") = "BrandServiceApp.Domain", "BrandServiceApp.Domain\BrandServiceApp.Domain.csproj", "{911BA156-34C0-4F73-B056-3E9AC217957B}"
EndProject
Project("{2150E333-8FDC-42A3-9474-1A3956D46DE8}") = "PolicyAdminServiceApp", "PolicyAdminServiceApp", "{C291B552-2671-40BD-88AB-990006A18CDE}"
EndProject
Project("{FAE04EC0-301F-11D3-BF4B-00C04F79EFBC}") = "PolicyAdminServiceApp.Host.CustomerEventsWorker", "PolicyAdminServiceApp.Host.EventsWorker\PolicyAdminServiceApp.Host.CustomerEventsWorker.csproj", "{B4119EAD-0241-4859-B93F-58A7BC9AF23A}"
EndProject
Project("{FAE04EC0-301F-11D3-BF4B-00C04F79EFBC}") = "PolicyAdminServiceApp.Domain", "PolicyAdminServiceApp.Domain\PolicyAdminServiceApp.Domain.csproj", "{F2E11421-57BF-4212-9A21-5FEFD5FAB118}"
EndProject
Project("{2150E333-8FDC-42A3-9474-1A3956D46DE8}") = "Solution Items", "Solution Items", "{2D579012-C599-4D02-BDF4-0C8D91355253}"
	ProjectSection(SolutionItems) = preProject
		MicroserviceArchitecture.vsdx = MicroserviceArchitecture.vsdx
	EndProjectSection
EndProject
Global
	GlobalSection(SolutionConfigurationPlatforms) = preSolution
		Debug|Any CPU = Debug|Any CPU
		Release|Any CPU = Release|Any CPU
	EndGlobalSection
	GlobalSection(ProjectConfigurationPlatforms) = postSolution
		{AE3112B6-2BCB-4A5C-81F7-8B9A0E460ABB}.Debug|Any CPU.ActiveCfg = Debug|Any CPU
		{AE3112B6-2BCB-4A5C-81F7-8B9A0E460ABB}.Debug|Any CPU.Build.0 = Debug|Any CPU
		{AE3112B6-2BCB-4A5C-81F7-8B9A0E460ABB}.Release|Any CPU.ActiveCfg = Release|Any CPU
		{AE3112B6-2BCB-4A5C-81F7-8B9A0E460ABB}.Release|Any CPU.Build.0 = Release|Any CPU
		{B4220DA3-3B45-4072-BE63-A0600C77F603}.Debug|Any CPU.ActiveCfg = Debug|Any CPU
		{B4220DA3-3B45-4072-BE63-A0600C77F603}.Debug|Any CPU.Build.0 = Debug|Any CPU
		{B4220DA3-3B45-4072-BE63-A0600C77F603}.Release|Any CPU.ActiveCfg = Release|Any CPU
		{B4220DA3-3B45-4072-BE63-A0600C77F603}.Release|Any CPU.Build.0 = Release|Any CPU
		{4FD75DA1-D9B9-41AC-B764-F64F849EC7A6}.Debug|Any CPU.ActiveCfg = Debug|Any CPU
		{4FD75DA1-D9B9-41AC-B764-F64F849EC7A6}.Debug|Any CPU.Build.0 = Debug|Any CPU
		{4FD75DA1-D9B9-41AC-B764-F64F849EC7A6}.Release|Any CPU.ActiveCfg = Release|Any CPU
		{4FD75DA1-D9B9-41AC-B764-F64F849EC7A6}.Release|Any CPU.Build.0 = Release|Any CPU
		{68FC77CC-FE76-4660-BBAE-453E5F9F835F}.Debug|Any CPU.ActiveCfg = Debug|Any CPU
		{68FC77CC-FE76-4660-BBAE-453E5F9F835F}.Debug|Any CPU.Build.0 = Debug|Any CPU
		{68FC77CC-FE76-4660-BBAE-453E5F9F835F}.Release|Any CPU.ActiveCfg = Release|Any CPU
		{68FC77CC-FE76-4660-BBAE-453E5F9F835F}.Release|Any CPU.Build.0 = Release|Any CPU
		{68870A75-B423-4214-87FC-56B944B7DB7E}.Debug|Any CPU.ActiveCfg = Debug|Any CPU
		{68870A75-B423-4214-87FC-56B944B7DB7E}.Debug|Any CPU.Build.0 = Debug|Any CPU
		{68870A75-B423-4214-87FC-56B944B7DB7E}.Release|Any CPU.ActiveCfg = Release|Any CPU
		{68870A75-B423-4214-87FC-56B944B7DB7E}.Release|Any CPU.Build.0 = Release|Any CPU
		{DAABEABD-1E4B-4005-BF39-401928CCC144}.Debug|Any CPU.ActiveCfg = Debug|Any CPU
		{DAABEABD-1E4B-4005-BF39-401928CCC144}.Debug|Any CPU.Build.0 = Debug|Any CPU
		{DAABEABD-1E4B-4005-BF39-401928CCC144}.Release|Any CPU.ActiveCfg = Release|Any CPU
		{DAABEABD-1E4B-4005-BF39-401928CCC144}.Release|Any CPU.Build.0 = Release|Any CPU
		{8C23C3A8-4FFD-4E90-855B-6AE2AE8E8EF5}.Debug|Any CPU.ActiveCfg = Debug|Any CPU
		{8C23C3A8-4FFD-4E90-855B-6AE2AE8E8EF5}.Debug|Any CPU.Build.0 = Debug|Any CPU
		{8C23C3A8-4FFD-4E90-855B-6AE2AE8E8EF5}.Release|Any CPU.ActiveCfg = Release|Any CPU
		{8C23C3A8-4FFD-4E90-855B-6AE2AE8E8EF5}.Release|Any CPU.Build.0 = Release|Any CPU
		{54ABE6CB-CFCD-4E6F-A629-64AFF8591107}.Debug|Any CPU.ActiveCfg = Debug|Any CPU
		{54ABE6CB-CFCD-4E6F-A629-64AFF8591107}.Debug|Any CPU.Build.0 = Debug|Any CPU
		{54ABE6CB-CFCD-4E6F-A629-64AFF8591107}.Release|Any CPU.ActiveCfg = Release|Any CPU
		{54ABE6CB-CFCD-4E6F-A629-64AFF8591107}.Release|Any CPU.Build.0 = Release|Any CPU
		{911BA156-34C0-4F73-B056-3E9AC217957B}.Debug|Any CPU.ActiveCfg = Debug|Any CPU
		{911BA156-34C0-4F73-B056-3E9AC217957B}.Debug|Any CPU.Build.0 = Debug|Any CPU
		{911BA156-34C0-4F73-B056-3E9AC217957B}.Release|Any CPU.ActiveCfg = Release|Any CPU
		{911BA156-34C0-4F73-B056-3E9AC217957B}.Release|Any CPU.Build.0 = Release|Any CPU
		{B4119EAD-0241-4859-B93F-58A7BC9AF23A}.Debug|Any CPU.ActiveCfg = Debug|Any CPU
		{B4119EAD-0241-4859-B93F-58A7BC9AF23A}.Debug|Any CPU.Build.0 = Debug|Any CPU
		{B4119EAD-0241-4859-B93F-58A7BC9AF23A}.Release|Any CPU.ActiveCfg = Release|Any CPU
		{B4119EAD-0241-4859-B93F-58A7BC9AF23A}.Release|Any CPU.Build.0 = Release|Any CPU
		{F2E11421-57BF-4212-9A21-5FEFD5FAB118}.Debug|Any CPU.ActiveCfg = Debug|Any CPU
		{F2E11421-57BF-4212-9A21-5FEFD5FAB118}.Debug|Any CPU.Build.0 = Debug|Any CPU
		{F2E11421-57BF-4212-9A21-5FEFD5FAB118}.Release|Any CPU.ActiveCfg = Release|Any CPU
		{F2E11421-57BF-4212-9A21-5FEFD5FAB118}.Release|Any CPU.Build.0 = Release|Any CPU
	EndGlobalSection
	GlobalSection(SolutionProperties) = preSolution
		HideSolutionNode = FALSE
	EndGlobalSection
	GlobalSection(NestedProjects) = preSolution
		{AE3112B6-2BCB-4A5C-81F7-8B9A0E460ABB} = {E51AA3F2-1744-4DCE-B07F-8BB00F28AD27}
		{B4220DA3-3B45-4072-BE63-A0600C77F603} = {13880BB7-CE3E-45D6-935A-4DC5E8B534D6}
		{4FD75DA1-D9B9-41AC-B764-F64F849EC7A6} = {E51AA3F2-1744-4DCE-B07F-8BB00F28AD27}
		{68FC77CC-FE76-4660-BBAE-453E5F9F835F} = {E51AA3F2-1744-4DCE-B07F-8BB00F28AD27}
		{68870A75-B423-4214-87FC-56B944B7DB7E} = {E51AA3F2-1744-4DCE-B07F-8BB00F28AD27}
		{DAABEABD-1E4B-4005-BF39-401928CCC144} = {13880BB7-CE3E-45D6-935A-4DC5E8B534D6}
		{8C23C3A8-4FFD-4E90-855B-6AE2AE8E8EF5} = {E51AA3F2-1744-4DCE-B07F-8BB00F28AD27}
		{54ABE6CB-CFCD-4E6F-A629-64AFF8591107} = {D1B49B16-E33A-4462-BFB0-00E574ECC280}
		{911BA156-34C0-4F73-B056-3E9AC217957B} = {13880BB7-CE3E-45D6-935A-4DC5E8B534D6}
		{B4119EAD-0241-4859-B93F-58A7BC9AF23A} = {C291B552-2671-40BD-88AB-990006A18CDE}
		{F2E11421-57BF-4212-9A21-5FEFD5FAB118} = {C291B552-2671-40BD-88AB-990006A18CDE}
	EndGlobalSection
	GlobalSection(ExtensibilityGlobals) = postSolution
		SolutionGuid = {00DFE09F-9A87-4FF0-81C2-4F9F23CD78BC}
	EndGlobalSection
EndGlobal
